// !$*UTF8*$!
{
	archiveVersion = 1;
	classes = {
	};
	objectVersion = 51;
	objects = {

/* Begin PBXBuildFile section */
		4484DF7324FFBEFD0028AEA7 /* AppDelegate.swift in Sources */ = {isa = PBXBuildFile; fileRef = 4484DF7224FFBEFD0028AEA7 /* AppDelegate.swift */; };
		4484DF7524FFBEFD0028AEA7 /* art.scnassets in Resources */ = {isa = PBXBuildFile; fileRef = 4484DF7424FFBEFD0028AEA7 /* art.scnassets */; };
		4484DF7724FFBEFD0028AEA7 /* ViewController.swift in Sources */ = {isa = PBXBuildFile; fileRef = 4484DF7624FFBEFD0028AEA7 /* ViewController.swift */; };
		4484DF7A24FFBEFD0028AEA7 /* Main.storyboard in Resources */ = {isa = PBXBuildFile; fileRef = 4484DF7824FFBEFD0028AEA7 /* Main.storyboard */; };
		4484DF7C24FFBEFE0028AEA7 /* Assets.xcassets in Resources */ = {isa = PBXBuildFile; fileRef = 4484DF7B24FFBEFE0028AEA7 /* Assets.xcassets */; };
		4484DF7F24FFBEFE0028AEA7 /* LaunchScreen.storyboard in Resources */ = {isa = PBXBuildFile; fileRef = 4484DF7D24FFBEFE0028AEA7 /* LaunchScreen.storyboard */; };
		4484DF8724FFC7F70028AEA7 /* ARCView.swift in Sources */ = {isa = PBXBuildFile; fileRef = 4484DF8624FFC7F70028AEA7 /* ARCView.swift */; };
		4484DF8C24FFD5860028AEA7 /* 17896-wash-your-hands.json in Resources */ = {isa = PBXBuildFile; fileRef = 4484DF8B24FFD5860028AEA7 /* 17896-wash-your-hands.json */; };
		DCD272D724A8BE1303123CED /* Pods_ARMotion.framework in Frameworks */ = {isa = PBXBuildFile; fileRef = A68879CF81F51CED42778C65 /* Pods_ARMotion.framework */; };
/* End PBXBuildFile section */

/* Begin PBXFileReference section */
		4484DF6F24FFBEFD0028AEA7 /* ARMotion.app */ = {isa = PBXFileReference; explicitFileType = wrapper.application; includeInIndex = 0; path = ARMotion.app; sourceTree = BUILT_PRODUCTS_DIR; };
		4484DF7224FFBEFD0028AEA7 /* AppDelegate.swift */ = {isa = PBXFileReference; lastKnownFileType = sourcecode.swift; path = AppDelegate.swift; sourceTree = "<group>"; };
		4484DF7424FFBEFD0028AEA7 /* art.scnassets */ = {isa = PBXFileReference; lastKnownFileType = wrapper.scnassets; path = art.scnassets; sourceTree = "<group>"; };
		4484DF7624FFBEFD0028AEA7 /* ViewController.swift */ = {isa = PBXFileReference; lastKnownFileType = sourcecode.swift; path = ViewController.swift; sourceTree = "<group>"; };
		4484DF7924FFBEFD0028AEA7 /* Base */ = {isa = PBXFileReference; lastKnownFileType = file.storyboard; name = Base; path = Base.lproj/Main.storyboard; sourceTree = "<group>"; };
		4484DF7B24FFBEFE0028AEA7 /* Assets.xcassets */ = {isa = PBXFileReference; lastKnownFileType = folder.assetcatalog; path = Assets.xcassets; sourceTree = "<group>"; };
		4484DF7E24FFBEFE0028AEA7 /* Base */ = {isa = PBXFileReference; lastKnownFileType = file.storyboard; name = Base; path = Base.lproj/LaunchScreen.storyboard; sourceTree = "<group>"; };
		4484DF8024FFBEFE0028AEA7 /* Info.plist */ = {isa = PBXFileReference; lastKnownFileType = text.plist.xml; path = Info.plist; sourceTree = "<group>"; };
		4484DF8624FFC7F70028AEA7 /* ARCView.swift */ = {isa = PBXFileReference; lastKnownFileType = sourcecode.swift; path = ARCView.swift; sourceTree = "<group>"; };
		4484DF8B24FFD5860028AEA7 /* 17896-wash-your-hands.json */ = {isa = PBXFileReference; fileEncoding = 4; lastKnownFileType = text.json; path = "17896-wash-your-hands.json"; sourceTree = "<group>"; };
		5EF95B8044DE317B45D95148 /* Pods-ARMotion.release.xcconfig */ = {isa = PBXFileReference; includeInIndex = 1; lastKnownFileType = text.xcconfig; name = "Pods-ARMotion.release.xcconfig"; path = "Target Support Files/Pods-ARMotion/Pods-ARMotion.release.xcconfig"; sourceTree = "<group>"; };
		A68879CF81F51CED42778C65 /* Pods_ARMotion.framework */ = {isa = PBXFileReference; explicitFileType = wrapper.framework; includeInIndex = 0; path = Pods_ARMotion.framework; sourceTree = BUILT_PRODUCTS_DIR; };
		F3265D6158913A81D47494EA /* Pods-ARMotion.debug.xcconfig */ = {isa = PBXFileReference; includeInIndex = 1; lastKnownFileType = text.xcconfig; name = "Pods-ARMotion.debug.xcconfig"; path = "Target Support Files/Pods-ARMotion/Pods-ARMotion.debug.xcconfig"; sourceTree = "<group>"; };
/* End PBXFileReference section */

/* Begin PBXFrameworksBuildPhase section */
		4484DF6C24FFBEFD0028AEA7 /* Frameworks */ = {
			isa = PBXFrameworksBuildPhase;
			buildActionMask = 2147483647;
			files = (
				DCD272D724A8BE1303123CED /* Pods_ARMotion.framework in Frameworks */,
			);
			runOnlyForDeploymentPostprocessing = 0;
		};
/* End PBXFrameworksBuildPhase section */

/* Begin PBXGroup section */
		4484DF6624FFBEFC0028AEA7 = {
			isa = PBXGroup;
			children = (
				4484DF7124FFBEFD0028AEA7 /* ARMotion */,
				4484DF7024FFBEFD0028AEA7 /* Products */,
				67E922E3882CC4BA2DA8D05D /* Pods */,
				52E2D1E6BB7BAD0114FF6C84 /* Frameworks */,
			);
			sourceTree = "<group>";
		};
		4484DF7024FFBEFD0028AEA7 /* Products */ = {
			isa = PBXGroup;
			children = (
				4484DF6F24FFBEFD0028AEA7 /* ARMotion.app */,
			);
			name = Products;
			sourceTree = "<group>";
		};
		4484DF7124FFBEFD0028AEA7 /* ARMotion */ = {
			isa = PBXGroup;
			children = (
				4484DF7224FFBEFD0028AEA7 /* AppDelegate.swift */,
				4484DF7424FFBEFD0028AEA7 /* art.scnassets */,
				4484DF7624FFBEFD0028AEA7 /* ViewController.swift */,
				4484DF8624FFC7F70028AEA7 /* ARCView.swift */,
				4484DF7824FFBEFD0028AEA7 /* Main.storyboard */,
				4484DF7B24FFBEFE0028AEA7 /* Assets.xcassets */,
				4484DF7D24FFBEFE0028AEA7 /* LaunchScreen.storyboard */,
				4484DF8024FFBEFE0028AEA7 /* Info.plist */,
				4484DF8B24FFD5860028AEA7 /* 17896-wash-your-hands.json */,
			);
			path = ARMotion;
			sourceTree = "<group>";
		};
		52E2D1E6BB7BAD0114FF6C84 /* Frameworks */ = {
			isa = PBXGroup;
			children = (
				A68879CF81F51CED42778C65 /* Pods_ARMotion.framework */,
			);
			name = Frameworks;
			sourceTree = "<group>";
		};
		67E922E3882CC4BA2DA8D05D /* Pods */ = {
			isa = PBXGroup;
			children = (
				F3265D6158913A81D47494EA /* Pods-ARMotion.debug.xcconfig */,
				5EF95B8044DE317B45D95148 /* Pods-ARMotion.release.xcconfig */,
			);
			path = Pods;
			sourceTree = "<group>";
		};
/* End PBXGroup section */

/* Begin PBXNativeTarget section */
		4484DF6E24FFBEFD0028AEA7 /* ARMotion */ = {
			isa = PBXNativeTarget;
			buildConfigurationList = 4484DF8324FFBEFE0028AEA7 /* Build configuration list for PBXNativeTarget "ARMotion" */;
			buildPhases = (
				36303FE29CA312387F03BD6A /* [CP] Check Pods Manifest.lock */,
				4484DF6B24FFBEFD0028AEA7 /* Sources */,
				4484DF6C24FFBEFD0028AEA7 /* Frameworks */,
				4484DF6D24FFBEFD0028AEA7 /* Resources */,
				1A995F06F0966E9A917E4267 /* [CP] Embed Pods Frameworks */,
			);
			buildRules = (
			);
			dependencies = (
			);
			name = ARMotion;
			packageProductDependencies = (
			);
			productName = ARMotion;
			productReference = 4484DF6F24FFBEFD0028AEA7 /* ARMotion.app */;
			productType = "com.apple.product-type.application";
		};
/* End PBXNativeTarget section */

/* Begin PBXProject section */
		4484DF6724FFBEFC0028AEA7 /* Project object */ = {
			isa = PBXProject;
			attributes = {
				LastSwiftUpdateCheck = 1200;
				LastUpgradeCheck = 1200;
				TargetAttributes = {
					4484DF6E24FFBEFD0028AEA7 = {
						CreatedOnToolsVersion = 12.0;
					};
				};
			};
			buildConfigurationList = 4484DF6A24FFBEFC0028AEA7 /* Build configuration list for PBXProject "ARMotion" */;
			compatibilityVersion = "Xcode 9.3";
			developmentRegion = en;
			hasScannedForEncodings = 0;
			knownRegions = (
				en,
				Base,
			);
			mainGroup = 4484DF6624FFBEFC0028AEA7;
			packageReferences = (
			);
			productRefGroup = 4484DF7024FFBEFD0028AEA7 /* Products */;
			projectDirPath = "";
			projectRoot = "";
			targets = (
				4484DF6E24FFBEFD0028AEA7 /* ARMotion */,
			);
		};
/* End PBXProject section */

/* Begin PBXResourcesBuildPhase section */
		4484DF6D24FFBEFD0028AEA7 /* Resources */ = {
			isa = PBXResourcesBuildPhase;
			buildActionMask = 2147483647;
			files = (
				4484DF7524FFBEFD0028AEA7 /* art.scnassets in Resources */,
				4484DF8C24FFD5860028AEA7 /* 17896-wash-your-hands.json in Resources */,
				4484DF7F24FFBEFE0028AEA7 /* LaunchScreen.storyboard in Resources */,
				4484DF7C24FFBEFE0028AEA7 /* Assets.xcassets in Resources */,
				4484DF7A24FFBEFD0028AEA7 /* Main.storyboard in Resources */,
			);
			runOnlyForDeploymentPostprocessing = 0;
		};
/* End PBXResourcesBuildPhase section */

/* Begin PBXShellScriptBuildPhase section */
		1A995F06F0966E9A917E4267 /* [CP] Embed Pods Frameworks */ = {
			isa = PBXShellScriptBuildPhase;
			buildActionMask = 2147483647;
			files = (
			);
			inputFileListPaths = (
				"${PODS_ROOT}/Target Support Files/Pods-ARMotion/Pods-ARMotion-frameworks-${CONFIGURATION}-input-files.xcfilelist",
			);
			name = "[CP] Embed Pods Frameworks";
			outputFileListPaths = (
				"${PODS_ROOT}/Target Support Files/Pods-ARMotion/Pods-ARMotion-frameworks-${CONFIGURATION}-output-files.xcfilelist",
			);
			runOnlyForDeploymentPostprocessing = 0;
			shellPath = /bin/sh;
			shellScript = "\"${PODS_ROOT}/Target Support Files/Pods-ARMotion/Pods-ARMotion-frameworks.sh\"\n";
			showEnvVarsInLog = 0;
		};
		36303FE29CA312387F03BD6A /* [CP] Check Pods Manifest.lock */ = {
			isa = PBXShellScriptBuildPhase;
			buildActionMask = 2147483647;
			files = (
			);
			inputFileListPaths = (
			);
			inputPaths = (
				"${PODS_PODFILE_DIR_PATH}/Podfile.lock",
				"${PODS_ROOT}/Manifest.lock",
			);
			name = "[CP] Check Pods Manifest.lock";
			outputFileListPaths = (
			);
			outputPaths = (
				"$(DERIVED_FILE_DIR)/Pods-ARMotion-checkManifestLockResult.txt",
			);
			runOnlyForDeploymentPostprocessing = 0;
			shellPath = /bin/sh;
			shellScript = "diff \"${PODS_PODFILE_DIR_PATH}/Podfile.lock\" \"${PODS_ROOT}/Manifest.lock\" > /dev/null\nif [ $? != 0 ] ; then\n    # print error to STDERR\n    echo \"error: The sandbox is not in sync with the Podfile.lock. Run 'pod install' or update your CocoaPods installation.\" >&2\n    exit 1\nfi\n# This output is used by Xcode 'outputs' to avoid re-running this script phase.\necho \"SUCCESS\" > \"${SCRIPT_OUTPUT_FILE_0}\"\n";
			showEnvVarsInLog = 0;
		};
/* End PBXShellScriptBuildPhase section */

/* Begin PBXSourcesBuildPhase section */
		4484DF6B24FFBEFD0028AEA7 /* Sources */ = {
			isa = PBXSourcesBuildPhase;
			buildActionMask = 2147483647;
			files = (
				4484DF7724FFBEFD0028AEA7 /* ViewController.swift in Sources */,
				4484DF8724FFC7F70028AEA7 /* ARCView.swift in Sources */,
				4484DF7324FFBEFD0028AEA7 /* AppDelegate.swift in Sources */,
			);
			runOnlyForDeploymentPostprocessing = 0;
		};
/* End PBXSourcesBuildPhase section */

/* Begin PBXVariantGroup section */
		4484DF7824FFBEFD0028AEA7 /* Main.storyboard */ = {
			isa = PBXVariantGroup;
			children = (
				4484DF7924FFBEFD0028AEA7 /* Base */,
			);
			name = Main.storyboard;
			sourceTree = "<group>";
		};
		4484DF7D24FFBEFE0028AEA7 /* LaunchScreen.storyboard */ = {
			isa = PBXVariantGroup;
			children = (
				4484DF7E24FFBEFE0028AEA7 /* Base */,
			);
			name = LaunchScreen.storyboard;
			sourceTree = "<group>";
		};
/* End PBXVariantGroup section */

/* Begin XCBuildConfiguration section */
		4484DF8124FFBEFE0028AEA7 /* Debug */ = {
			isa = XCBuildConfiguration;
			buildSettings = {
				ALWAYS_SEARCH_USER_PATHS = NO;
				CLANG_ANALYZER_NONNULL = YES;
				CLANG_ANALYZER_NUMBER_OBJECT_CONVERSION = YES_AGGRESSIVE;
				CLANG_CXX_LANGUAGE_STANDARD = "gnu++14";
				CLANG_CXX_LIBRARY = "libc++";
				CLANG_ENABLE_MODULES = YES;
				CLANG_ENABLE_OBJC_ARC = YES;
				CLANG_ENABLE_OBJC_WEAK = YES;
				CLANG_WARN_BLOCK_CAPTURE_AUTORELEASING = YES;
				CLANG_WARN_BOOL_CONVERSION = YES;
				CLANG_WARN_COMMA = YES;
				CLANG_WARN_CONSTANT_CONVERSION = YES;
				CLANG_WARN_DEPRECATED_OBJC_IMPLEMENTATIONS = YES;
				CLANG_WARN_DIRECT_OBJC_ISA_USAGE = YES_ERROR;
				CLANG_WARN_DOCUMENTATION_COMMENTS = YES;
				CLANG_WARN_EMPTY_BODY = YES;
				CLANG_WARN_ENUM_CONVERSION = YES;
				CLANG_WARN_INFINITE_RECURSION = YES;
				CLANG_WARN_INT_CONVERSION = YES;
				CLANG_WARN_NON_LITERAL_NULL_CONVERSION = YES;
				CLANG_WARN_OBJC_IMPLICIT_RETAIN_SELF = YES;
				CLANG_WARN_OBJC_LITERAL_CONVERSION = YES;
				CLANG_WARN_OBJC_ROOT_CLASS = YES_ERROR;
				CLANG_WARN_QUOTED_INCLUDE_IN_FRAMEWORK_HEADER = YES;
				CLANG_WARN_RANGE_LOOP_ANALYSIS = YES;
				CLANG_WARN_STRICT_PROTOTYPES = YES;
				CLANG_WARN_SUSPICIOUS_MOVE = YES;
				CLANG_WARN_UNGUARDED_AVAILABILITY = YES_AGGRESSIVE;
				CLANG_WARN_UNREACHABLE_CODE = YES;
				CLANG_WARN__DUPLICATE_METHOD_MATCH = YES;
				COPY_PHASE_STRIP = NO;
				DEAD_CODE_STRIPPING = NO;
				DEBUG_INFORMATION_FORMAT = dwarf;
				ENABLE_STRICT_OBJC_MSGSEND = YES;
				ENABLE_TESTABILITY = YES;
				GCC_C_LANGUAGE_STANDARD = gnu11;
				GCC_DYNAMIC_NO_PIC = NO;
				GCC_NO_COMMON_BLOCKS = YES;
				GCC_OPTIMIZATION_LEVEL = 0;
				GCC_PREPROCESSOR_DEFINITIONS = (
					"DEBUG=1",
					"$(inherited)",
				);
				GCC_WARN_64_TO_32_BIT_CONVERSION = YES;
				GCC_WARN_ABOUT_RETURN_TYPE = YES_ERROR;
				GCC_WARN_UNDECLARED_SELECTOR = YES;
				GCC_WARN_UNINITIALIZED_AUTOS = YES_AGGRESSIVE;
				GCC_WARN_UNUSED_FUNCTION = YES;
				GCC_WARN_UNUSED_VARIABLE = YES;
				IPHONEOS_DEPLOYMENT_TARGET = 14.0;
				MTL_ENABLE_DEBUG_INFO = INCLUDE_SOURCE;
				MTL_FAST_MATH = YES;
				ONLY_ACTIVE_ARCH = YES;
				SDKROOT = iphoneos;
				SWIFT_ACTIVE_COMPILATION_CONDITIONS = DEBUG;
				SWIFT_OPTIMIZATION_LEVEL = "-Onone";
			};
			name = Debug;
		};
		4484DF8224FFBEFE0028AEA7 /* Release */ = {
			isa = XCBuildConfiguration;
			buildSettings = {
				ALWAYS_SEARCH_USER_PATHS = NO;
				CLANG_ANALYZER_NONNULL = YES;
				CLANG_ANALYZER_NUMBER_OBJECT_CONVERSION = YES_AGGRESSIVE;
				CLANG_CXX_LANGUAGE_STANDARD = "gnu++14";
				CLANG_CXX_LIBRARY = "libc++";
				CLANG_ENABLE_MODULES = YES;
				CLANG_ENABLE_OBJC_ARC = YES;
				CLANG_ENABLE_OBJC_WEAK = YES;
				CLANG_WARN_BLOCK_CAPTURE_AUTORELEASING = YES;
				CLANG_WARN_BOOL_CONVERSION = YES;
				CLANG_WARN_COMMA = YES;
				CLANG_WARN_CONSTANT_CONVERSION = YES;
				CLANG_WARN_DEPRECATED_OBJC_IMPLEMENTATIONS = YES;
				CLANG_WARN_DIRECT_OBJC_ISA_USAGE = YES_ERROR;
				CLANG_WARN_DOCUMENTATION_COMMENTS = YES;
				CLANG_WARN_EMPTY_BODY = YES;
				CLANG_WARN_ENUM_CONVERSION = YES;
				CLANG_WARN_INFINITE_RECURSION = YES;
				CLANG_WARN_INT_CONVERSION = YES;
				CLANG_WARN_NON_LITERAL_NULL_CONVERSION = YES;
				CLANG_WARN_OBJC_IMPLICIT_RETAIN_SELF = YES;
				CLANG_WARN_OBJC_LITERAL_CONVERSION = YES;
				CLANG_WARN_OBJC_ROOT_CLASS = YES_ERROR;
				CLANG_WARN_QUOTED_INCLUDE_IN_FRAMEWORK_HEADER = YES;
				CLANG_WARN_RANGE_LOOP_ANALYSIS = YES;
				CLANG_WARN_STRICT_PROTOTYPES = YES;
				CLANG_WARN_SUSPICIOUS_MOVE = YES;
				CLANG_WARN_UNGUARDED_AVAILABILITY = YES_AGGRESSIVE;
				CLANG_WARN_UNREACHABLE_CODE = YES;
				CLANG_WARN__DUPLICATE_METHOD_MATCH = YES;
				COPY_PHASE_STRIP = NO;
				DEAD_CODE_STRIPPING = NO;
				DEBUG_INFORMATION_FORMAT = "dwarf-with-dsym";
				ENABLE_NS_ASSERTIONS = NO;
				ENABLE_STRICT_OBJC_MSGSEND = YES;
				GCC_C_LANGUAGE_STANDARD = gnu11;
				GCC_NO_COMMON_BLOCKS = YES;
				GCC_WARN_64_TO_32_BIT_CONVERSION = YES;
				GCC_WARN_ABOUT_RETURN_TYPE = YES_ERROR;
				GCC_WARN_UNDECLARED_SELECTOR = YES;
				GCC_WARN_UNINITIALIZED_AUTOS = YES_AGGRESSIVE;
				GCC_WARN_UNUSED_FUNCTION = YES;
				GCC_WARN_UNUSED_VARIABLE = YES;
				IPHONEOS_DEPLOYMENT_TARGET = 14.0;
				MTL_ENABLE_DEBUG_INFO = NO;
				MTL_FAST_MATH = YES;
				SDKROOT = iphoneos;
				SWIFT_COMPILATION_MODE = wholemodule;
				SWIFT_OPTIMIZATION_LEVEL = "-O";
				VALIDATE_PRODUCT = YES;
			};
			name = Release;
		};
		4484DF8424FFBEFE0028AEA7 /* Debug */ = {
			isa = XCBuildConfiguration;
			baseConfigurationReference = F3265D6158913A81D47494EA /* Pods-ARMotion.debug.xcconfig */;
			buildSettings = {
				ASSETCATALOG_COMPILER_APPICON_NAME = AppIcon;
				ASSETCATALOG_COMPILER_GLOBAL_ACCENT_COLOR_NAME = AccentColor;
				CODE_SIGN_STYLE = Automatic;
				DEVELOPMENT_TEAM = "";
				INFOPLIST_FILE = ARMotion/Info.plist;
				LD_RUNPATH_SEARCH_PATHS = (
					"$(inherited)",
					"@executable_path/Frameworks",
				);
				PRODUCT_BUNDLE_IDENTIFIER = io.startway.ARMotion;
				PRODUCT_NAME = "$(TARGET_NAME)";
				SWIFT_VERSION = 5.0;
				TARGETED_DEVICE_FAMILY = "1,2";
			};
			name = Debug;
		};
		4484DF8524FFBEFE0028AEA7 /* Release */ = {
			isa = XCBuildConfiguration;
			baseConfigurationReference = 5EF95B8044DE317B45D95148 /* Pods-ARMotion.release.xcconfig */;
			buildSettings = {
				ASSETCATALOG_COMPILER_APPICON_NAME = AppIcon;
				ASSETCATALOG_COMPILER_GLOBAL_ACCENT_COLOR_NAME = AccentColor;
				CODE_SIGN_STYLE = Automatic;
				DEVELOPMENT_TEAM = "";
				INFOPLIST_FILE = ARMotion/Info.plist;
				LD_RUNPATH_SEARCH_PATHS = (
					"$(inherited)",
					"@executable_path/Frameworks",
				);
				PRODUCT_BUNDLE_IDENTIFIER = io.startway.ARMotion;
				PRODUCT_NAME = "$(TARGET_NAME)";
				SWIFT_VERSION = 5.0;
				TARGETED_DEVICE_FAMILY = "1,2";
			};
			name = Release;
		};
/* End XCBuildConfiguration section */

/* Begin XCConfigurationList section */
		4484DF6A24FFBEFC0028AEA7 /* Build configuration list for PBXProject "ARMotion" */ = {
			isa = XCConfigurationList;
			buildConfigurations = (
				4484DF8124FFBEFE0028AEA7 /* Debug */,
				4484DF8224FFBEFE0028AEA7 /* Release */,
			);
			defaultConfigurationIsVisible = 0;
			defaultConfigurationName = Release;
		};
		4484DF8324FFBEFE0028AEA7 /* Build configuration list for PBXNativeTarget "ARMotion" */ = {
			isa = XCConfigurationList;
			buildConfigurations = (
				4484DF8424FFBEFE0028AEA7 /* Debug */,
				4484DF8524FFBEFE0028AEA7 /* Release */,
			);
			defaultConfigurationIsVisible = 0;
			defaultConfigurationName = Release;
		};
/* End XCConfigurationList section */
	};
	rootObject = 4484DF6724FFBEFC0028AEA7 /* Project object */;
}
